{
  "name": "youtuberg",
  "version": "0.0.0",
  "lockfileVersion": 1,
  "requires": true,
  "dependencies": {
    "@types/chrome": {
      "version": "0.0.141",
      "resolved": "https://registry.npmjs.org/@types/chrome/-/chrome-0.0.141.tgz",
      "integrity": "sha512-0bYsCxGKo9xdrNHiqWRjPVygDRfKA2EczhXJmKjkfBF+KQc0BFKejtdFV28ygcVH3RTjGZ+ccoJ3bb8wKFacbw==",
      "requires": {
        "@types/filesystem": "*",
        "@types/har-format": "*"
      }
    },
    "@types/filesystem": {
      "version": "0.0.30",
      "resolved": "https://registry.npmjs.org/@types/filesystem/-/filesystem-0.0.30.tgz",
      "integrity": "sha512-NCoRgmGmLpTT9VFL6Bb6z0jQuqI3d0E5FGl7M0JOv/J5RQYo9s5aOItPYnpckx9MbYQk1APLXcF8f20Vqnf2yA==",
      "requires": {
        "@types/filewriter": "*"
      }
    },
    "@types/filewriter": {
      "version": "0.0.29",
      "resolved": "https://registry.npmjs.org/@types/filewriter/-/filewriter-0.0.29.tgz",
      "integrity": "sha512-BsPXH/irW0ht0Ji6iw/jJaK8Lj3FJemon2gvEqHKpCdDCeemHa+rI3WBGq5z7cDMZgoLjY40oninGxqk+8NzNQ=="
    },
    "@types/har-format": {
      "version": "1.2.5",
      "resolved": "https://registry.npmjs.org/@types/har-format/-/har-format-1.2.5.tgz",
      "integrity": "sha512-IG8AE1m2pWtPqQ7wXhFhy6Q59bwwnLwO36v5Rit2FrbXCIp8Sk8E2PfUCreyrdo17STwFSKDAkitVuVYbpEHvQ=="
    },
    "@types/node": {
      "version": "14.14.45",
      "resolved": "https://registry.npmjs.org/@types/node/-/node-14.14.45.tgz",
      "integrity": "sha512-DssMqTV9UnnoxDWu959sDLZzfvqCF0qDNRjaWeYSui9xkFe61kKo4l1TWNTQONpuXEm+gLMRvdlzvNHBamzmEw==",
      "dev": true
    },
    "@types/youtube": {
      "version": "0.0.42",
      "resolved": "https://registry.npmjs.org/@types/youtube/-/youtube-0.0.42.tgz",
      "integrity": "sha512-Nqo3HMPFPcNyZ7HNFZJjpH+N4yXqpxBItG+41e7nL9zednovMRZMXWj36CctSznbBcbj6ucvkJDo5iZ8SKqLIw=="
    },
    "cropperjs": {
      "version": "1.5.11",
      "resolved": "https://registry.npmjs.org/cropperjs/-/cropperjs-1.5.11.tgz",
      "integrity": "sha512-SJUeBBhtNBnnn+UrLKluhFRIXLJn7XFPv8QN1j49X5t+BIMwkgvDev541f96bmu8Xe0TgCx3gON22KmY/VddaA=="
    },
    "esbuild": {
      "version": "0.11.23",
      "resolved": "https://registry.npmjs.org/esbuild/-/esbuild-0.11.23.tgz",
      "integrity": "sha512-iaiZZ9vUF5wJV8ob1tl+5aJTrwDczlvGP0JoMmnpC2B0ppiMCu8n8gmy5ZTGl5bcG081XBVn+U+jP+mPFm5T5Q=="
    },
    "lit-html": {
      "version": "1.4.1",
      "resolved": "https://registry.npmjs.org/lit-html/-/lit-html-1.4.1.tgz",
      "integrity": "sha512-B9btcSgPYb1q4oSOb/PrOT6Z/H+r6xuNzfH4lFli/AWhYwdtrgQkQWBbIc6mdnf6E2IL3gDXdkkqNktpU0OZQA=="
    },
    "typescript": {
      "version": "4.2.4",
      "resolved": "https://registry.npmjs.org/typescript/-/typescript-4.2.4.tgz",
      "integrity": "sha512-V+evlYHZnQkaz8TRBuxTA92yZBPotr5H+WhQ7bD3hZUndx5tGOa1fuCgeSjxAzM1RiN5IzvadIXTVefuuwZCRg==",
      "dev": true
    },
    "youtuberg-wasm": {
      "version": "0.1.5",
      "resolved": "https://registry.npmjs.org/youtuberg-wasm/-/youtuberg-wasm-0.1.5.tgz",
      "integrity": "sha512-I8nMjFfbqcydxVqMJwzvfoJVrwpbX+s+/71BsyBzfDMMhjyUYfsMUYiYyDIzAUwZRtKLaCpTgBeXcpDe4fbPBA=="
    }
  }
}
