{
  "name": "youtuberg",
  "version": "0.0.0",
  "lockfileVersion": 1,
  "requires": true,
  "dependencies": {
    "@types/node": {
      "version": "14.14.45",
      "resolved": "https://registry.npmjs.org/@types/node/-/node-14.14.45.tgz",
      "integrity": "sha512-DssMqTV9UnnoxDWu959sDLZzfvqCF0qDNRjaWeYSui9xkFe61kKo4l1TWNTQONpuXEm+gLMRvdlzvNHBamzmEw==",
      "dev": true
    },
    "@types/youtube": {
      "version": "0.0.42",
      "resolved": "https://registry.npmjs.org/@types/youtube/-/youtube-0.0.42.tgz",
      "integrity": "sha512-Nqo3HMPFPcNyZ7HNFZJjpH+N4yXqpxBItG+41e7nL9zednovMRZMXWj36CctSznbBcbj6ucvkJDo5iZ8SKqLIw=="
    },
    "esbuild": {
      "version": "0.11.23",
      "resolved": "https://registry.npmjs.org/esbuild/-/esbuild-0.11.23.tgz",
      "integrity": "sha512-iaiZZ9vUF5wJV8ob1tl+5aJTrwDczlvGP0JoMmnpC2B0ppiMCu8n8gmy5ZTGl5bcG081XBVn+U+jP+mPFm5T5Q=="
    },
    "typescript": {
      "version": "4.2.4",
      "resolved": "https://registry.npmjs.org/typescript/-/typescript-4.2.4.tgz",
      "integrity": "sha512-V+evlYHZnQkaz8TRBuxTA92yZBPotr5H+WhQ7bD3hZUndx5tGOa1fuCgeSjxAzM1RiN5IzvadIXTVefuuwZCRg==",
      "dev": true
    },
    "youtuberg-wasm": {
      "version": "0.1.5",
      "resolved": "https://registry.npmjs.org/youtuberg-wasm/-/youtuberg-wasm-0.1.5.tgz",
      "integrity": "sha512-I8nMjFfbqcydxVqMJwzvfoJVrwpbX+s+/71BsyBzfDMMhjyUYfsMUYiYyDIzAUwZRtKLaCpTgBeXcpDe4fbPBA=="
    }
  }
}
